
Microsoft Visual Studio Solution File, Format Version 12.00
# Visual Studio Version 17
VisualStudioVersion = 17.4.33122.133
MinimumVisualStudioVersion = 10.0.40219.1
Project("{9A19103F-16F7-4668-BE54-9A1E7A4F7556}") = "FullstackStoreAPI-Public", "FullstackStoreAPI\FullstackStoreAPI-Public.csproj", "{3B192182-CE60-4C11-8484-A386D4AEB519}"
EndProject
Global
	GlobalSection(SolutionConfigurationPlatforms) = preSolution
		Debug|Any CPU = Debug|Any CPU
		Release|Any CPU = Release|Any CPU
	EndGlobalSection
	GlobalSection(ProjectConfigurationPlatforms) = postSolution
		{3B192182-CE60-4C11-8484-A386D4AEB519}.Debug|Any CPU.ActiveCfg = Debug|Any CPU
		{3B192182-CE60-4C11-8484-A386D4AEB519}.Debug|Any CPU.Build.0 = Debug|Any CPU
		{3B192182-CE60-4C11-8484-A386D4AEB519}.Release|Any CPU.ActiveCfg = Release|Any CPU
		{3B192182-CE60-4C11-8484-A386D4AEB519}.Release|Any CPU.Build.0 = Release|Any CPU
	EndGlobalSection
	GlobalSection(SolutionProperties) = preSolution
		HideSolutionNode = FALSE
	EndGlobalSection
	GlobalSection(ExtensibilityGlobals) = postSolution
		SolutionGuid = {C54AAC1B-7CDE-4769-A780-A4867EF1D737}
	EndGlobalSection
EndGlobal
